// !$*UTF8*$!
{
	archiveVersion = 1;
	classes = {
	};
	objectVersion = 50;
	objects = {

/* Begin PBXBuildFile section */
		8C001330059D7BB637B98C63 /* libPods-Douyin.a in Frameworks */ = {isa = PBXBuildFile; fileRef = E3F497C581F3C15AE79C7AE5 /* libPods-Douyin.a */; };
		AB21FB9E227FEA970096A59E /* AppDelegate.m in Sources */ = {isa = PBXBuildFile; fileRef = AB21FB9D227FEA970096A59E /* AppDelegate.m */; };
		AB21FBA6227FEA990096A59E /* Assets.xcassets in Resources */ = {isa = PBXBuildFile; fileRef = AB21FBA5227FEA990096A59E /* Assets.xcassets */; };
		AB21FBA9227FEA990096A59E /* LaunchScreen.storyboard in Resources */ = {isa = PBXBuildFile; fileRef = AB21FBA7227FEA990096A59E /* LaunchScreen.storyboard */; };
		AB21FBAC227FEA990096A59E /* main.m in Sources */ = {isa = PBXBuildFile; fileRef = AB21FBAB227FEA990096A59E /* main.m */; };
		AB21FBB6227FEA990096A59E /* DouyinTests.m in Sources */ = {isa = PBXBuildFile; fileRef = AB21FBB5227FEA990096A59E /* DouyinTests.m */; };
		AB21FBC1227FEA990096A59E /* DouyinUITests.m in Sources */ = {isa = PBXBuildFile; fileRef = AB21FBC0227FEA990096A59E /* DouyinUITests.m */; };
		AB2BA0CC228184C900E56992 /* DYTabBarController.m in Sources */ = {isa = PBXBuildFile; fileRef = AB2BA0CB228184C900E56992 /* DYTabBarController.m */; };
		AB2BA0CF228184F100E56992 /* DYMainRootViewController.m in Sources */ = {isa = PBXBuildFile; fileRef = AB2BA0CE228184F100E56992 /* DYMainRootViewController.m */; };
		AB2BA0D22281866700E56992 /* CYLPlusButtonSubclass.m in Sources */ = {isa = PBXBuildFile; fileRef = AB2BA0D02281866700E56992 /* CYLPlusButtonSubclass.m */; };
		AB2BA0D822819B1D00E56992 /* DYUserHomePageController.m in Sources */ = {isa = PBXBuildFile; fileRef = AB2BA0D722819B1D00E56992 /* DYUserHomePageController.m */; };
		AB2BA0DC22819F7900E56992 /* UIFont+DYFont.m in Sources */ = {isa = PBXBuildFile; fileRef = AB2BA0DB22819F7900E56992 /* UIFont+DYFont.m */; };
		AB2BA0E02281AA3600E56992 /* DYVideoListView.m in Sources */ = {isa = PBXBuildFile; fileRef = AB2BA0DF2281AA3600E56992 /* DYVideoListView.m */; };
		AB51EFF722804CAE0028C531 /* DYBaseViewController.m in Sources */ = {isa = PBXBuildFile; fileRef = AB51EFF622804CAE0028C531 /* DYBaseViewController.m */; };
		AB51EFFA22804CC50028C531 /* DYHomeViewController.m in Sources */ = {isa = PBXBuildFile; fileRef = AB51EFF922804CC50028C531 /* DYHomeViewController.m */; };
		AB51EFFD22804CD20028C531 /* DYFollowViewController.m in Sources */ = {isa = PBXBuildFile; fileRef = AB51EFFC22804CD20028C531 /* DYFollowViewController.m */; };
		AB51F00022804CEC0028C531 /* DYChatListViewController.m in Sources */ = {isa = PBXBuildFile; fileRef = AB51EFFF22804CEC0028C531 /* DYChatListViewController.m */; };
		AB51F00322804D060028C531 /* DYMineViewController.m in Sources */ = {isa = PBXBuildFile; fileRef = AB51F00222804D060028C531 /* DYMineViewController.m */; };
		AB51F009228056880028C531 /* UIColor+DYColor.m in Sources */ = {isa = PBXBuildFile; fileRef = AB51F008228056880028C531 /* UIColor+DYColor.m */; };
		AB83227D2282BBA00047FA9B /* DYTools.m in Sources */ = {isa = PBXBuildFile; fileRef = AB83227C2282BBA00047FA9B /* DYTools.m */; };
		AB90375E22826BEF00BF3A6E /* UIView+DYFrame.m in Sources */ = {isa = PBXBuildFile; fileRef = AB90375D22826BEF00BF3A6E /* UIView+DYFrame.m */; };
		AB90376122826DB900BF3A6E /* DYVideoListCollectionCell.m in Sources */ = {isa = PBXBuildFile; fileRef = AB90376022826DB900BF3A6E /* DYVideoListCollectionCell.m */; };
		AB90376422828A5F00BF3A6E /* DYMineTableCell.m in Sources */ = {isa = PBXBuildFile; fileRef = AB90376322828A5F00BF3A6E /* DYMineTableCell.m */; };
		AB90376722828BAA00BF3A6E /* DYMineTableHeader.m in Sources */ = {isa = PBXBuildFile; fileRef = AB90376622828BAA00BF3A6E /* DYMineTableHeader.m */; };
		AB9921DE2283C3FF00D50263 /* DYMineTableSectionHeader.m in Sources */ = {isa = PBXBuildFile; fileRef = AB9921DD2283C3FF00D50263 /* DYMineTableSectionHeader.m */; };
		AB9921E82283C49C00D50263 /* LXDSegmentControl.m in Sources */ = {isa = PBXBuildFile; fileRef = AB9921E32283C49B00D50263 /* LXDSegmentControl.m */; };
		AB9921E92283C49C00D50263 /* LXDSegmentControlConfiguration.m in Sources */ = {isa = PBXBuildFile; fileRef = AB9921E52283C49B00D50263 /* LXDSegmentControlConfiguration.m */; };
		AB9921F02283E10300D50263 /* DYMineVerticalCollectionLayout.m in Sources */ = {isa = PBXBuildFile; fileRef = AB9921EF2283E10300D50263 /* DYMineVerticalCollectionLayout.m */; };
		AB9921F32283E3AE00D50263 /* DYMineVerticalCollectionCell.m in Sources */ = {isa = PBXBuildFile; fileRef = AB9921F22283E3AE00D50263 /* DYMineVerticalCollectionCell.m */; };
		AB9921F62283E5CB00D50263 /* DYMineVerticalCollectionHeader.m in Sources */ = {isa = PBXBuildFile; fileRef = AB9921F52283E5CB00D50263 /* DYMineVerticalCollectionHeader.m */; };
		AB9921F92283FD1800D50263 /* DYMineHorizontalCollectionCell.m in Sources */ = {isa = PBXBuildFile; fileRef = AB9921F82283FD1800D50263 /* DYMineHorizontalCollectionCell.m */; };
		AB9921FC22840E1B00D50263 /* DYVideoListController.m in Sources */ = {isa = PBXBuildFile; fileRef = AB9921FB22840E1B00D50263 /* DYVideoListController.m */; };
/* End PBXBuildFile section */

/* Begin PBXContainerItemProxy section */
		AB21FBB2227FEA990096A59E /* PBXContainerItemProxy */ = {
			isa = PBXContainerItemProxy;
			containerPortal = AB21FB91227FEA970096A59E /* Project object */;
			proxyType = 1;
			remoteGlobalIDString = AB21FB98227FEA970096A59E;
			remoteInfo = Douyin;
		};
		AB21FBBD227FEA990096A59E /* PBXContainerItemProxy */ = {
			isa = PBXContainerItemProxy;
			containerPortal = AB21FB91227FEA970096A59E /* Project object */;
			proxyType = 1;
			remoteGlobalIDString = AB21FB98227FEA970096A59E;
			remoteInfo = Douyin;
		};
/* End PBXContainerItemProxy section */

/* Begin PBXFileReference section */
		4C578DEEA41216C3E0BD268B /* Pods-Douyin.debug.xcconfig */ = {isa = PBXFileReference; includeInIndex = 1; lastKnownFileType = text.xcconfig; name = "Pods-Douyin.debug.xcconfig"; path = "Pods/Target Support Files/Pods-Douyin/Pods-Douyin.debug.xcconfig"; sourceTree = "<group>"; };
		7F9405A60D0F91FDDA859550 /* Pods-Douyin.release.xcconfig */ = {isa = PBXFileReference; includeInIndex = 1; lastKnownFileType = text.xcconfig; name = "Pods-Douyin.release.xcconfig"; path = "Pods/Target Support Files/Pods-Douyin/Pods-Douyin.release.xcconfig"; sourceTree = "<group>"; };
		AB21FB99227FEA970096A59E /* Douyin.app */ = {isa = PBXFileReference; explicitFileType = wrapper.application; includeInIndex = 0; path = Douyin.app; sourceTree = BUILT_PRODUCTS_DIR; };
		AB21FB9C227FEA970096A59E /* AppDelegate.h */ = {isa = PBXFileReference; lastKnownFileType = sourcecode.c.h; path = AppDelegate.h; sourceTree = "<group>"; };
		AB21FB9D227FEA970096A59E /* AppDelegate.m */ = {isa = PBXFileReference; lastKnownFileType = sourcecode.c.objc; path = AppDelegate.m; sourceTree = "<group>"; };
		AB21FBA5227FEA990096A59E /* Assets.xcassets */ = {isa = PBXFileReference; lastKnownFileType = folder.assetcatalog; path = Assets.xcassets; sourceTree = "<group>"; };
		AB21FBA8227FEA990096A59E /* Base */ = {isa = PBXFileReference; lastKnownFileType = file.storyboard; name = Base; path = Base.lproj/LaunchScreen.storyboard; sourceTree = "<group>"; };
		AB21FBAA227FEA990096A59E /* Info.plist */ = {isa = PBXFileReference; lastKnownFileType = text.plist.xml; path = Info.plist; sourceTree = "<group>"; };
		AB21FBAB227FEA990096A59E /* main.m */ = {isa = PBXFileReference; lastKnownFileType = sourcecode.c.objc; path = main.m; sourceTree = "<group>"; };
		AB21FBB1227FEA990096A59E /* DouyinTests.xctest */ = {isa = PBXFileReference; explicitFileType = wrapper.cfbundle; includeInIndex = 0; path = DouyinTests.xctest; sourceTree = BUILT_PRODUCTS_DIR; };
		AB21FBB5227FEA990096A59E /* DouyinTests.m */ = {isa = PBXFileReference; lastKnownFileType = sourcecode.c.objc; path = DouyinTests.m; sourceTree = "<group>"; };
		AB21FBB7227FEA990096A59E /* Info.plist */ = {isa = PBXFileReference; lastKnownFileType = text.plist.xml; path = Info.plist; sourceTree = "<group>"; };
		AB21FBBC227FEA990096A59E /* DouyinUITests.xctest */ = {isa = PBXFileReference; explicitFileType = wrapper.cfbundle; includeInIndex = 0; path = DouyinUITests.xctest; sourceTree = BUILT_PRODUCTS_DIR; };
		AB21FBC0227FEA990096A59E /* DouyinUITests.m */ = {isa = PBXFileReference; lastKnownFileType = sourcecode.c.objc; path = DouyinUITests.m; sourceTree = "<group>"; };
		AB21FBC2227FEA990096A59E /* Info.plist */ = {isa = PBXFileReference; lastKnownFileType = text.plist.xml; path = Info.plist; sourceTree = "<group>"; };
		AB21FBD0227FECDD0096A59E /* DYPrefixHeader.pch */ = {isa = PBXFileReference; lastKnownFileType = sourcecode.c.h; path = DYPrefixHeader.pch; sourceTree = "<group>"; };
		AB2BA0CA228184C800E56992 /* DYTabBarController.h */ = {isa = PBXFileReference; fileEncoding = 4; lastKnownFileType = sourcecode.c.h; path = DYTabBarController.h; sourceTree = "<group>"; };
		AB2BA0CB228184C900E56992 /* DYTabBarController.m */ = {isa = PBXFileReference; fileEncoding = 4; lastKnownFileType = sourcecode.c.objc; path = DYTabBarController.m; sourceTree = "<group>"; };
		AB2BA0CD228184F100E56992 /* DYMainRootViewController.h */ = {isa = PBXFileReference; lastKnownFileType = sourcecode.c.h; path = DYMainRootViewController.h; sourceTree = "<group>"; };
		AB2BA0CE228184F100E56992 /* DYMainRootViewController.m */ = {isa = PBXFileReference; lastKnownFileType = sourcecode.c.objc; path = DYMainRootViewController.m; sourceTree = "<group>"; };
		AB2BA0D02281866700E56992 /* CYLPlusButtonSubclass.m */ = {isa = PBXFileReference; fileEncoding = 4; lastKnownFileType = sourcecode.c.objc; path = CYLPlusButtonSubclass.m; sourceTree = "<group>"; };
		AB2BA0D12281866700E56992 /* CYLPlusButtonSubclass.h */ = {isa = PBXFileReference; fileEncoding = 4; lastKnownFileType = sourcecode.c.h; path = CYLPlusButtonSubclass.h; sourceTree = "<group>"; };
		AB2BA0D622819B1D00E56992 /* DYUserHomePageController.h */ = {isa = PBXFileReference; lastKnownFileType = sourcecode.c.h; path = DYUserHomePageController.h; sourceTree = "<group>"; };
		AB2BA0D722819B1D00E56992 /* DYUserHomePageController.m */ = {isa = PBXFileReference; lastKnownFileType = sourcecode.c.objc; path = DYUserHomePageController.m; sourceTree = "<group>"; };
		AB2BA0D922819EF400E56992 /* DYGlobalMacro.h */ = {isa = PBXFileReference; lastKnownFileType = sourcecode.c.h; path = DYGlobalMacro.h; sourceTree = "<group>"; };
		AB2BA0DA22819F7900E56992 /* UIFont+DYFont.h */ = {isa = PBXFileReference; lastKnownFileType = sourcecode.c.h; path = "UIFont+DYFont.h"; sourceTree = "<group>"; };
		AB2BA0DB22819F7900E56992 /* UIFont+DYFont.m */ = {isa = PBXFileReference; lastKnownFileType = sourcecode.c.objc; path = "UIFont+DYFont.m"; sourceTree = "<group>"; };
		AB2BA0DE2281AA3600E56992 /* DYVideoListView.h */ = {isa = PBXFileReference; lastKnownFileType = sourcecode.c.h; path = DYVideoListView.h; sourceTree = "<group>"; };
		AB2BA0DF2281AA3600E56992 /* DYVideoListView.m */ = {isa = PBXFileReference; lastKnownFileType = sourcecode.c.objc; path = DYVideoListView.m; sourceTree = "<group>"; };
		AB51EFF522804CAE0028C531 /* DYBaseViewController.h */ = {isa = PBXFileReference; lastKnownFileType = sourcecode.c.h; path = DYBaseViewController.h; sourceTree = "<group>"; };
		AB51EFF622804CAE0028C531 /* DYBaseViewController.m */ = {isa = PBXFileReference; lastKnownFileType = sourcecode.c.objc; path = DYBaseViewController.m; sourceTree = "<group>"; };
		AB51EFF822804CC50028C531 /* DYHomeViewController.h */ = {isa = PBXFileReference; lastKnownFileType = sourcecode.c.h; path = DYHomeViewController.h; sourceTree = "<group>"; };
		AB51EFF922804CC50028C531 /* DYHomeViewController.m */ = {isa = PBXFileReference; lastKnownFileType = sourcecode.c.objc; path = DYHomeViewController.m; sourceTree = "<group>"; };
		AB51EFFB22804CD20028C531 /* DYFollowViewController.h */ = {isa = PBXFileReference; lastKnownFileType = sourcecode.c.h; path = DYFollowViewController.h; sourceTree = "<group>"; };
		AB51EFFC22804CD20028C531 /* DYFollowViewController.m */ = {isa = PBXFileReference; lastKnownFileType = sourcecode.c.objc; path = DYFollowViewController.m; sourceTree = "<group>"; };
		AB51EFFE22804CEC0028C531 /* DYChatListViewController.h */ = {isa = PBXFileReference; lastKnownFileType = sourcecode.c.h; path = DYChatListViewController.h; sourceTree = "<group>"; };
		AB51EFFF22804CEC0028C531 /* DYChatListViewController.m */ = {isa = PBXFileReference; lastKnownFileType = sourcecode.c.objc; path = DYChatListViewController.m; sourceTree = "<group>"; };
		AB51F00122804D060028C531 /* DYMineViewController.h */ = {isa = PBXFileReference; lastKnownFileType = sourcecode.c.h; path = DYMineViewController.h; sourceTree = "<group>"; };
		AB51F00222804D060028C531 /* DYMineViewController.m */ = {isa = PBXFileReference; lastKnownFileType = sourcecode.c.objc; path = DYMineViewController.m; sourceTree = "<group>"; };
		AB51F007228056880028C531 /* UIColor+DYColor.h */ = {isa = PBXFileReference; lastKnownFileType = sourcecode.c.h; path = "UIColor+DYColor.h"; sourceTree = "<group>"; };
		AB51F008228056880028C531 /* UIColor+DYColor.m */ = {isa = PBXFileReference; lastKnownFileType = sourcecode.c.objc; path = "UIColor+DYColor.m"; sourceTree = "<group>"; };
		AB83227B2282BBA00047FA9B /* DYTools.h */ = {isa = PBXFileReference; lastKnownFileType = sourcecode.c.h; path = DYTools.h; sourceTree = "<group>"; };
		AB83227C2282BBA00047FA9B /* DYTools.m */ = {isa = PBXFileReference; lastKnownFileType = sourcecode.c.objc; path = DYTools.m; sourceTree = "<group>"; };
		AB90375C22826BEF00BF3A6E /* UIView+DYFrame.h */ = {isa = PBXFileReference; lastKnownFileType = sourcecode.c.h; path = "UIView+DYFrame.h"; sourceTree = "<group>"; };
		AB90375D22826BEF00BF3A6E /* UIView+DYFrame.m */ = {isa = PBXFileReference; lastKnownFileType = sourcecode.c.objc; path = "UIView+DYFrame.m"; sourceTree = "<group>"; };
		AB90375F22826DB900BF3A6E /* DYVideoListCollectionCell.h */ = {isa = PBXFileReference; lastKnownFileType = sourcecode.c.h; path = DYVideoListCollectionCell.h; sourceTree = "<group>"; };
		AB90376022826DB900BF3A6E /* DYVideoListCollectionCell.m */ = {isa = PBXFileReference; lastKnownFileType = sourcecode.c.objc; path = DYVideoListCollectionCell.m; sourceTree = "<group>"; };
		AB90376222828A5F00BF3A6E /* DYMineTableCell.h */ = {isa = PBXFileReference; lastKnownFileType = sourcecode.c.h; path = DYMineTableCell.h; sourceTree = "<group>"; };
		AB90376322828A5F00BF3A6E /* DYMineTableCell.m */ = {isa = PBXFileReference; lastKnownFileType = sourcecode.c.objc; path = DYMineTableCell.m; sourceTree = "<group>"; };
		AB90376522828BAA00BF3A6E /* DYMineTableHeader.h */ = {isa = PBXFileReference; lastKnownFileType = sourcecode.c.h; path = DYMineTableHeader.h; sourceTree = "<group>"; };
		AB90376622828BAA00BF3A6E /* DYMineTableHeader.m */ = {isa = PBXFileReference; lastKnownFileType = sourcecode.c.objc; path = DYMineTableHeader.m; sourceTree = "<group>"; };
		AB9921DC2283C3FF00D50263 /* DYMineTableSectionHeader.h */ = {isa = PBXFileReference; lastKnownFileType = sourcecode.c.h; path = DYMineTableSectionHeader.h; sourceTree = "<group>"; };
		AB9921DD2283C3FF00D50263 /* DYMineTableSectionHeader.m */ = {isa = PBXFileReference; lastKnownFileType = sourcecode.c.objc; path = DYMineTableSectionHeader.m; sourceTree = "<group>"; };
		AB9921E32283C49B00D50263 /* LXDSegmentControl.m */ = {isa = PBXFileReference; fileEncoding = 4; lastKnownFileType = sourcecode.c.objc; path = LXDSegmentControl.m; sourceTree = "<group>"; };
		AB9921E42283C49B00D50263 /* LXDSegmentControlDefine.h */ = {isa = PBXFileReference; fileEncoding = 4; lastKnownFileType = sourcecode.c.h; path = LXDSegmentControlDefine.h; sourceTree = "<group>"; };
		AB9921E52283C49B00D50263 /* LXDSegmentControlConfiguration.m */ = {isa = PBXFileReference; fileEncoding = 4; lastKnownFileType = sourcecode.c.objc; path = LXDSegmentControlConfiguration.m; sourceTree = "<group>"; };
		AB9921E62283C49B00D50263 /* LXDSegmentControl.h */ = {isa = PBXFileReference; fileEncoding = 4; lastKnownFileType = sourcecode.c.h; path = LXDSegmentControl.h; sourceTree = "<group>"; };
		AB9921E72283C49B00D50263 /* LXDSegmentControlConfiguration.h */ = {isa = PBXFileReference; fileEncoding = 4; lastKnownFileType = sourcecode.c.h; path = LXDSegmentControlConfiguration.h; sourceTree = "<group>"; };
		AB9921EE2283E10300D50263 /* DYMineVerticalCollectionLayout.h */ = {isa = PBXFileReference; lastKnownFileType = sourcecode.c.h; path = DYMineVerticalCollectionLayout.h; sourceTree = "<group>"; };
		AB9921EF2283E10300D50263 /* DYMineVerticalCollectionLayout.m */ = {isa = PBXFileReference; lastKnownFileType = sourcecode.c.objc; path = DYMineVerticalCollectionLayout.m; sourceTree = "<group>"; };
		AB9921F12283E3AE00D50263 /* DYMineVerticalCollectionCell.h */ = {isa = PBXFileReference; lastKnownFileType = sourcecode.c.h; path = DYMineVerticalCollectionCell.h; sourceTree = "<group>"; };
		AB9921F22283E3AE00D50263 /* DYMineVerticalCollectionCell.m */ = {isa = PBXFileReference; lastKnownFileType = sourcecode.c.objc; path = DYMineVerticalCollectionCell.m; sourceTree = "<group>"; };
		AB9921F42283E5CB00D50263 /* DYMineVerticalCollectionHeader.h */ = {isa = PBXFileReference; lastKnownFileType = sourcecode.c.h; path = DYMineVerticalCollectionHeader.h; sourceTree = "<group>"; };
		AB9921F52283E5CB00D50263 /* DYMineVerticalCollectionHeader.m */ = {isa = PBXFileReference; lastKnownFileType = sourcecode.c.objc; path = DYMineVerticalCollectionHeader.m; sourceTree = "<group>"; };
		AB9921F72283FD1800D50263 /* DYMineHorizontalCollectionCell.h */ = {isa = PBXFileReference; lastKnownFileType = sourcecode.c.h; path = DYMineHorizontalCollectionCell.h; sourceTree = "<group>"; };
		AB9921F82283FD1800D50263 /* DYMineHorizontalCollectionCell.m */ = {isa = PBXFileReference; lastKnownFileType = sourcecode.c.objc; path = DYMineHorizontalCollectionCell.m; sourceTree = "<group>"; };
		AB9921FA22840E1B00D50263 /* DYVideoListController.h */ = {isa = PBXFileReference; lastKnownFileType = sourcecode.c.h; path = DYVideoListController.h; sourceTree = "<group>"; };
		AB9921FB22840E1B00D50263 /* DYVideoListController.m */ = {isa = PBXFileReference; lastKnownFileType = sourcecode.c.objc; path = DYVideoListController.m; sourceTree = "<group>"; };
		E3F497C581F3C15AE79C7AE5 /* libPods-Douyin.a */ = {isa = PBXFileReference; explicitFileType = archive.ar; includeInIndex = 0; path = "libPods-Douyin.a"; sourceTree = BUILT_PRODUCTS_DIR; };
/* End PBXFileReference section */

/* Begin PBXFrameworksBuildPhase section */
		AB21FB96227FEA970096A59E /* Frameworks */ = {
			isa = PBXFrameworksBuildPhase;
			buildActionMask = 2147483647;
			files = (
				8C001330059D7BB637B98C63 /* libPods-Douyin.a in Frameworks */,
			);
			runOnlyForDeploymentPostprocessing = 0;
		};
		AB21FBAE227FEA990096A59E /* Frameworks */ = {
			isa = PBXFrameworksBuildPhase;
			buildActionMask = 2147483647;
			files = (
			);
			runOnlyForDeploymentPostprocessing = 0;
		};
		AB21FBB9227FEA990096A59E /* Frameworks */ = {
			isa = PBXFrameworksBuildPhase;
			buildActionMask = 2147483647;
			files = (
			);
			runOnlyForDeploymentPostprocessing = 0;
		};
/* End PBXFrameworksBuildPhase section */

/* Begin PBXGroup section */
		466DD249A4BF0D511904DBDD /* Frameworks */ = {
			isa = PBXGroup;
			children = (
				E3F497C581F3C15AE79C7AE5 /* libPods-Douyin.a */,
			);
			name = Frameworks;
			sourceTree = "<group>";
		};
		A8AF7B0C1F3D248F5103F729 /* Pods */ = {
			isa = PBXGroup;
			children = (
				4C578DEEA41216C3E0BD268B /* Pods-Douyin.debug.xcconfig */,
				7F9405A60D0F91FDDA859550 /* Pods-Douyin.release.xcconfig */,
			);
			name = Pods;
			sourceTree = "<group>";
		};
		AB21FB90227FEA970096A59E = {
			isa = PBXGroup;
			children = (
				AB21FB9B227FEA970096A59E /* Douyin */,
				AB21FBB4227FEA990096A59E /* DouyinTests */,
				AB21FBBF227FEA990096A59E /* DouyinUITests */,
				AB21FB9A227FEA970096A59E /* Products */,
				A8AF7B0C1F3D248F5103F729 /* Pods */,
				466DD249A4BF0D511904DBDD /* Frameworks */,
			);
			sourceTree = "<group>";
		};
		AB21FB9A227FEA970096A59E /* Products */ = {
			isa = PBXGroup;
			children = (
				AB21FB99227FEA970096A59E /* Douyin.app */,
				AB21FBB1227FEA990096A59E /* DouyinTests.xctest */,
				AB21FBBC227FEA990096A59E /* DouyinUITests.xctest */,
			);
			name = Products;
			sourceTree = "<group>";
		};
		AB21FB9B227FEA970096A59E /* Douyin */ = {
			isa = PBXGroup;
			children = (
				AB9921E12283C48600D50263 /* Externals */,
				AB51F00A228056B70028C531 /* Category */,
				AB21FBCF227FECAB0096A59E /* Tools */,
				AB21FBCE227FEC910096A59E /* Controllers */,
				AB21FB9C227FEA970096A59E /* AppDelegate.h */,
				AB21FB9D227FEA970096A59E /* AppDelegate.m */,
				AB21FBA5227FEA990096A59E /* Assets.xcassets */,
				AB21FBA7227FEA990096A59E /* LaunchScreen.storyboard */,
				AB21FBAA227FEA990096A59E /* Info.plist */,
				AB21FBAB227FEA990096A59E /* main.m */,
			);
			path = Douyin;
			sourceTree = "<group>";
		};
		AB21FBB4227FEA990096A59E /* DouyinTests */ = {
			isa = PBXGroup;
			children = (
				AB21FBB5227FEA990096A59E /* DouyinTests.m */,
				AB21FBB7227FEA990096A59E /* Info.plist */,
			);
			path = DouyinTests;
			sourceTree = "<group>";
		};
		AB21FBBF227FEA990096A59E /* DouyinUITests */ = {
			isa = PBXGroup;
			children = (
				AB21FBC0227FEA990096A59E /* DouyinUITests.m */,
				AB21FBC2227FEA990096A59E /* Info.plist */,
			);
			path = DouyinUITests;
			sourceTree = "<group>";
		};
		AB21FBCE227FEC910096A59E /* Controllers */ = {
			isa = PBXGroup;
			children = (
				AB51EFF422804C960028C531 /* Base */,
				AB51EFF022804C120028C531 /* Home */,
				AB51EFF122804C230028C531 /* Follow */,
				AB51EFF222804C300028C531 /* Chat */,
				AB51EFF322804C4E0028C531 /* Mine */,
			);
			path = Controllers;
			sourceTree = "<group>";
		};
		AB21FBCF227FECAB0096A59E /* Tools */ = {
			isa = PBXGroup;
			children = (
				AB21FBD0227FECDD0096A59E /* DYPrefixHeader.pch */,
				AB2BA0D922819EF400E56992 /* DYGlobalMacro.h */,
				AB83227B2282BBA00047FA9B /* DYTools.h */,
				AB83227C2282BBA00047FA9B /* DYTools.m */,
			);
			path = Tools;
			sourceTree = "<group>";
		};
		AB2BA0DD2281AA1800E56992 /* View */ = {
			isa = PBXGroup;
			children = (
				AB90376222828A5F00BF3A6E /* DYMineTableCell.h */,
				AB90376322828A5F00BF3A6E /* DYMineTableCell.m */,
				AB90376522828BAA00BF3A6E /* DYMineTableHeader.h */,
				AB90376622828BAA00BF3A6E /* DYMineTableHeader.m */,
				AB9921DC2283C3FF00D50263 /* DYMineTableSectionHeader.h */,
				AB9921DD2283C3FF00D50263 /* DYMineTableSectionHeader.m */,
				AB2BA0DE2281AA3600E56992 /* DYVideoListView.h */,
				AB2BA0DF2281AA3600E56992 /* DYVideoListView.m */,
				AB90375F22826DB900BF3A6E /* DYVideoListCollectionCell.h */,
				AB90376022826DB900BF3A6E /* DYVideoListCollectionCell.m */,
				AB9921F12283E3AE00D50263 /* DYMineVerticalCollectionCell.h */,
				AB9921F22283E3AE00D50263 /* DYMineVerticalCollectionCell.m */,
				AB9921F42283E5CB00D50263 /* DYMineVerticalCollectionHeader.h */,
				AB9921F52283E5CB00D50263 /* DYMineVerticalCollectionHeader.m */,
				AB9921F72283FD1800D50263 /* DYMineHorizontalCollectionCell.h */,
				AB9921F82283FD1800D50263 /* DYMineHorizontalCollectionCell.m */,
			);
			path = View;
			sourceTree = "<group>";
		};
		AB51EFF022804C120028C531 /* Home */ = {
			isa = PBXGroup;
			children = (
				AB51EFF822804CC50028C531 /* DYHomeViewController.h */,
				AB51EFF922804CC50028C531 /* DYHomeViewController.m */,
			);
			path = Home;
			sourceTree = "<group>";
		};
		AB51EFF122804C230028C531 /* Follow */ = {
			isa = PBXGroup;
			children = (
				AB51EFFB22804CD20028C531 /* DYFollowViewController.h */,
				AB51EFFC22804CD20028C531 /* DYFollowViewController.m */,
			);
			path = Follow;
			sourceTree = "<group>";
		};
		AB51EFF222804C300028C531 /* Chat */ = {
			isa = PBXGroup;
			children = (
				AB51EFFE22804CEC0028C531 /* DYChatListViewController.h */,
				AB51EFFF22804CEC0028C531 /* DYChatListViewController.m */,
			);
			path = Chat;
			sourceTree = "<group>";
		};
		AB51EFF322804C4E0028C531 /* Mine */ = {
			isa = PBXGroup;
			children = (
				AB2BA0DD2281AA1800E56992 /* View */,
				AB51F00122804D060028C531 /* DYMineViewController.h */,
				AB51F00222804D060028C531 /* DYMineViewController.m */,
				AB2BA0D622819B1D00E56992 /* DYUserHomePageController.h */,
				AB2BA0D722819B1D00E56992 /* DYUserHomePageController.m */,
				AB9921EE2283E10300D50263 /* DYMineVerticalCollectionLayout.h */,
				AB9921EF2283E10300D50263 /* DYMineVerticalCollectionLayout.m */,
				AB9921FA22840E1B00D50263 /* DYVideoListController.h */,
				AB9921FB22840E1B00D50263 /* DYVideoListController.m */,
			);
			path = Mine;
			sourceTree = "<group>";
		};
		AB51EFF422804C960028C531 /* Base */ = {
			isa = PBXGroup;
			children = (
				AB51EFF522804CAE0028C531 /* DYBaseViewController.h */,
				AB51EFF622804CAE0028C531 /* DYBaseViewController.m */,
				AB2BA0CA228184C800E56992 /* DYTabBarController.h */,
				AB2BA0CB228184C900E56992 /* DYTabBarController.m */,
				AB2BA0CD228184F100E56992 /* DYMainRootViewController.h */,
				AB2BA0CE228184F100E56992 /* DYMainRootViewController.m */,
				AB2BA0D12281866700E56992 /* CYLPlusButtonSubclass.h */,
				AB2BA0D02281866700E56992 /* CYLPlusButtonSubclass.m */,
			);
			path = Base;
			sourceTree = "<group>";
		};
		AB51F00A228056B70028C531 /* Category */ = {
			isa = PBXGroup;
			children = (
				AB51F007228056880028C531 /* UIColor+DYColor.h */,
				AB51F008228056880028C531 /* UIColor+DYColor.m */,
				AB2BA0DA22819F7900E56992 /* UIFont+DYFont.h */,
				AB2BA0DB22819F7900E56992 /* UIFont+DYFont.m */,
				AB90375C22826BEF00BF3A6E /* UIView+DYFrame.h */,
				AB90375D22826BEF00BF3A6E /* UIView+DYFrame.m */,
			);
			path = Category;
			sourceTree = "<group>";
		};
		AB9921E12283C48600D50263 /* Externals */ = {
			isa = PBXGroup;
			children = (
				AB9921E22283C49B00D50263 /* segmentControl */,
			);
			path = Externals;
			sourceTree = "<group>";
		};
		AB9921E22283C49B00D50263 /* segmentControl */ = {
			isa = PBXGroup;
			children = (
				AB9921E62283C49B00D50263 /* LXDSegmentControl.h */,
				AB9921E32283C49B00D50263 /* LXDSegmentControl.m */,
				AB9921E72283C49B00D50263 /* LXDSegmentControlConfiguration.h */,
				AB9921E52283C49B00D50263 /* LXDSegmentControlConfiguration.m */,
				AB9921E42283C49B00D50263 /* LXDSegmentControlDefine.h */,
			);
			path = segmentControl;
			sourceTree = "<group>";
		};
/* End PBXGroup section */

/* Begin PBXNativeTarget section */
		AB21FB98227FEA970096A59E /* Douyin */ = {
			isa = PBXNativeTarget;
			buildConfigurationList = AB21FBC5227FEA990096A59E /* Build configuration list for PBXNativeTarget "Douyin" */;
			buildPhases = (
				0C3972351460C80FFB9F2129 /* [CP] Check Pods Manifest.lock */,
				AB21FB95227FEA970096A59E /* Sources */,
				AB21FB96227FEA970096A59E /* Frameworks */,
				AB21FB97227FEA970096A59E /* Resources */,
			);
			buildRules = (
			);
			dependencies = (
			);
			name = Douyin;
			productName = Douyin;
			productReference = AB21FB99227FEA970096A59E /* Douyin.app */;
			productType = "com.apple.product-type.application";
		};
		AB21FBB0227FEA990096A59E /* DouyinTests */ = {
			isa = PBXNativeTarget;
			buildConfigurationList = AB21FBC8227FEA990096A59E /* Build configuration list for PBXNativeTarget "DouyinTests" */;
			buildPhases = (
				AB21FBAD227FEA990096A59E /* Sources */,
				AB21FBAE227FEA990096A59E /* Frameworks */,
				AB21FBAF227FEA990096A59E /* Resources */,
			);
			buildRules = (
			);
			dependencies = (
				AB21FBB3227FEA990096A59E /* PBXTargetDependency */,
			);
			name = DouyinTests;
			productName = DouyinTests;
			productReference = AB21FBB1227FEA990096A59E /* DouyinTests.xctest */;
			productType = "com.apple.product-type.bundle.unit-test";
		};
		AB21FBBB227FEA990096A59E /* DouyinUITests */ = {
			isa = PBXNativeTarget;
			buildConfigurationList = AB21FBCB227FEA990096A59E /* Build configuration list for PBXNativeTarget "DouyinUITests" */;
			buildPhases = (
				AB21FBB8227FEA990096A59E /* Sources */,
				AB21FBB9227FEA990096A59E /* Frameworks */,
				AB21FBBA227FEA990096A59E /* Resources */,
			);
			buildRules = (
			);
			dependencies = (
				AB21FBBE227FEA990096A59E /* PBXTargetDependency */,
			);
			name = DouyinUITests;
			productName = DouyinUITests;
			productReference = AB21FBBC227FEA990096A59E /* DouyinUITests.xctest */;
			productType = "com.apple.product-type.bundle.ui-testing";
		};
/* End PBXNativeTarget section */

/* Begin PBXProject section */
		AB21FB91227FEA970096A59E /* Project object */ = {
			isa = PBXProject;
			attributes = {
				LastUpgradeCheck = 1010;
				ORGANIZATIONNAME = Ternence;
				TargetAttributes = {
					AB21FB98227FEA970096A59E = {
						CreatedOnToolsVersion = 10.1;
					};
					AB21FBB0227FEA990096A59E = {
						CreatedOnToolsVersion = 10.1;
						TestTargetID = AB21FB98227FEA970096A59E;
					};
					AB21FBBB227FEA990096A59E = {
						CreatedOnToolsVersion = 10.1;
						TestTargetID = AB21FB98227FEA970096A59E;
					};
				};
			};
			buildConfigurationList = AB21FB94227FEA970096A59E /* Build configuration list for PBXProject "Douyin" */;
			compatibilityVersion = "Xcode 9.3";
			developmentRegion = en;
			hasScannedForEncodings = 0;
			knownRegions = (
				en,
				Base,
			);
			mainGroup = AB21FB90227FEA970096A59E;
			productRefGroup = AB21FB9A227FEA970096A59E /* Products */;
			projectDirPath = "";
			projectRoot = "";
			targets = (
				AB21FB98227FEA970096A59E /* Douyin */,
				AB21FBB0227FEA990096A59E /* DouyinTests */,
				AB21FBBB227FEA990096A59E /* DouyinUITests */,
			);
		};
/* End PBXProject section */

/* Begin PBXResourcesBuildPhase section */
		AB21FB97227FEA970096A59E /* Resources */ = {
			isa = PBXResourcesBuildPhase;
			buildActionMask = 2147483647;
			files = (
				AB21FBA9227FEA990096A59E /* LaunchScreen.storyboard in Resources */,
				AB21FBA6227FEA990096A59E /* Assets.xcassets in Resources */,
			);
			runOnlyForDeploymentPostprocessing = 0;
		};
		AB21FBAF227FEA990096A59E /* Resources */ = {
			isa = PBXResourcesBuildPhase;
			buildActionMask = 2147483647;
			files = (
			);
			runOnlyForDeploymentPostprocessing = 0;
		};
		AB21FBBA227FEA990096A59E /* Resources */ = {
			isa = PBXResourcesBuildPhase;
			buildActionMask = 2147483647;
			files = (
			);
			runOnlyForDeploymentPostprocessing = 0;
		};
/* End PBXResourcesBuildPhase section */

/* Begin PBXShellScriptBuildPhase section */
		0C3972351460C80FFB9F2129 /* [CP] Check Pods Manifest.lock */ = {
			isa = PBXShellScriptBuildPhase;
			buildActionMask = 2147483647;
			files = (
			);
			inputFileListPaths = (
			);
			inputPaths = (
				"${PODS_PODFILE_DIR_PATH}/Podfile.lock",
				"${PODS_ROOT}/Manifest.lock",
			);
			name = "[CP] Check Pods Manifest.lock";
			outputFileListPaths = (
			);
			outputPaths = (
				"$(DERIVED_FILE_DIR)/Pods-Douyin-checkManifestLockResult.txt",
			);
			runOnlyForDeploymentPostprocessing = 0;
			shellPath = /bin/sh;
			shellScript = "diff \"${PODS_PODFILE_DIR_PATH}/Podfile.lock\" \"${PODS_ROOT}/Manifest.lock\" > /dev/null\nif [ $? != 0 ] ; then\n    # print error to STDERR\n    echo \"error: The sandbox is not in sync with the Podfile.lock. Run 'pod install' or update your CocoaPods installation.\" >&2\n    exit 1\nfi\n# This output is used by Xcode 'outputs' to avoid re-running this script phase.\necho \"SUCCESS\" > \"${SCRIPT_OUTPUT_FILE_0}\"\n";
			showEnvVarsInLog = 0;
		};
/* End PBXShellScriptBuildPhase section */

/* Begin PBXSourcesBuildPhase section */
		AB21FB95227FEA970096A59E /* Sources */ = {
			isa = PBXSourcesBuildPhase;
			buildActionMask = 2147483647;
			files = (
				AB90375E22826BEF00BF3A6E /* UIView+DYFrame.m in Sources */,
				AB51EFF722804CAE0028C531 /* DYBaseViewController.m in Sources */,
				AB9921E92283C49C00D50263 /* LXDSegmentControlConfiguration.m in Sources */,
				AB90376122826DB900BF3A6E /* DYVideoListCollectionCell.m in Sources */,
				AB21FBAC227FEA990096A59E /* main.m in Sources */,
				AB51EFFA22804CC50028C531 /* DYHomeViewController.m in Sources */,
				AB2BA0E02281AA3600E56992 /* DYVideoListView.m in Sources */,
				AB9921F02283E10300D50263 /* DYMineVerticalCollectionLayout.m in Sources */,
				AB2BA0D822819B1D00E56992 /* DYUserHomePageController.m in Sources */,
				AB9921F62283E5CB00D50263 /* DYMineVerticalCollectionHeader.m in Sources */,
				AB51F00022804CEC0028C531 /* DYChatListViewController.m in Sources */,
				AB51EFFD22804CD20028C531 /* DYFollowViewController.m in Sources */,
				AB51F009228056880028C531 /* UIColor+DYColor.m in Sources */,
				AB2BA0D22281866700E56992 /* CYLPlusButtonSubclass.m in Sources */,
				AB9921E82283C49C00D50263 /* LXDSegmentControl.m in Sources */,
				AB51F00322804D060028C531 /* DYMineViewController.m in Sources */,
				AB9921F92283FD1800D50263 /* DYMineHorizontalCollectionCell.m in Sources */,
				AB90376422828A5F00BF3A6E /* DYMineTableCell.m in Sources */,
				AB83227D2282BBA00047FA9B /* DYTools.m in Sources */,
				AB90376722828BAA00BF3A6E /* DYMineTableHeader.m in Sources */,
				AB2BA0CC228184C900E56992 /* DYTabBarController.m in Sources */,
				AB21FB9E227FEA970096A59E /* AppDelegate.m in Sources */,
				AB9921DE2283C3FF00D50263 /* DYMineTableSectionHeader.m in Sources */,
				AB9921F32283E3AE00D50263 /* DYMineVerticalCollectionCell.m in Sources */,
				AB2BA0DC22819F7900E56992 /* UIFont+DYFont.m in Sources */,
				AB9921FC22840E1B00D50263 /* DYVideoListController.m in Sources */,
				AB2BA0CF228184F100E56992 /* DYMainRootViewController.m in Sources */,
			);
			runOnlyForDeploymentPostprocessing = 0;
		};
		AB21FBAD227FEA990096A59E /* Sources */ = {
			isa = PBXSourcesBuildPhase;
			buildActionMask = 2147483647;
			files = (
				AB21FBB6227FEA990096A59E /* DouyinTests.m in Sources */,
			);
			runOnlyForDeploymentPostprocessing = 0;
		};
		AB21FBB8227FEA990096A59E /* Sources */ = {
			isa = PBXSourcesBuildPhase;
			buildActionMask = 2147483647;
			files = (
				AB21FBC1227FEA990096A59E /* DouyinUITests.m in Sources */,
			);
			runOnlyForDeploymentPostprocessing = 0;
		};
/* End PBXSourcesBuildPhase section */

/* Begin PBXTargetDependency section */
		AB21FBB3227FEA990096A59E /* PBXTargetDependency */ = {
			isa = PBXTargetDependency;
			target = AB21FB98227FEA970096A59E /* Douyin */;
			targetProxy = AB21FBB2227FEA990096A59E /* PBXContainerItemProxy */;
		};
		AB21FBBE227FEA990096A59E /* PBXTargetDependency */ = {
			isa = PBXTargetDependency;
			target = AB21FB98227FEA970096A59E /* Douyin */;
			targetProxy = AB21FBBD227FEA990096A59E /* PBXContainerItemProxy */;
		};
/* End PBXTargetDependency section */

/* Begin PBXVariantGroup section */
		AB21FBA7227FEA990096A59E /* LaunchScreen.storyboard */ = {
			isa = PBXVariantGroup;
			children = (
				AB21FBA8227FEA990096A59E /* Base */,
			);
			name = LaunchScreen.storyboard;
			sourceTree = "<group>";
		};
/* End PBXVariantGroup section */

/* Begin XCBuildConfiguration section */
		AB21FBC3227FEA990096A59E /* Debug */ = {
			isa = XCBuildConfiguration;
			buildSettings = {
				ALWAYS_SEARCH_USER_PATHS = NO;
				CLANG_ANALYZER_NONNULL = YES;
				CLANG_ANALYZER_NUMBER_OBJECT_CONVERSION = YES_AGGRESSIVE;
				CLANG_CXX_LANGUAGE_STANDARD = "gnu++14";
				CLANG_CXX_LIBRARY = "libc++";
				CLANG_ENABLE_MODULES = YES;
				CLANG_ENABLE_OBJC_ARC = YES;
				CLANG_ENABLE_OBJC_WEAK = YES;
				CLANG_WARN_BLOCK_CAPTURE_AUTORELEASING = YES;
				CLANG_WARN_BOOL_CONVERSION = YES;
				CLANG_WARN_COMMA = YES;
				CLANG_WARN_CONSTANT_CONVERSION = YES;
				CLANG_WARN_DEPRECATED_OBJC_IMPLEMENTATIONS = YES;
				CLANG_WARN_DIRECT_OBJC_ISA_USAGE = YES_ERROR;
				CLANG_WARN_DOCUMENTATION_COMMENTS = YES;
				CLANG_WARN_EMPTY_BODY = YES;
				CLANG_WARN_ENUM_CONVERSION = YES;
				CLANG_WARN_INFINITE_RECURSION = YES;
				CLANG_WARN_INT_CONVERSION = YES;
				CLANG_WARN_NON_LITERAL_NULL_CONVERSION = YES;
				CLANG_WARN_OBJC_IMPLICIT_RETAIN_SELF = YES;
				CLANG_WARN_OBJC_LITERAL_CONVERSION = YES;
				CLANG_WARN_OBJC_ROOT_CLASS = YES_ERROR;
				CLANG_WARN_RANGE_LOOP_ANALYSIS = YES;
				CLANG_WARN_STRICT_PROTOTYPES = YES;
				CLANG_WARN_SUSPICIOUS_MOVE = YES;
				CLANG_WARN_UNGUARDED_AVAILABILITY = YES_AGGRESSIVE;
				CLANG_WARN_UNREACHABLE_CODE = YES;
				CLANG_WARN__DUPLICATE_METHOD_MATCH = YES;
				CODE_SIGN_IDENTITY = "iPhone Developer";
				COPY_PHASE_STRIP = NO;
				DEBUG_INFORMATION_FORMAT = dwarf;
				ENABLE_STRICT_OBJC_MSGSEND = YES;
				ENABLE_TESTABILITY = YES;
				GCC_C_LANGUAGE_STANDARD = gnu11;
				GCC_DYNAMIC_NO_PIC = NO;
				GCC_NO_COMMON_BLOCKS = YES;
				GCC_OPTIMIZATION_LEVEL = 0;
				GCC_PREPROCESSOR_DEFINITIONS = (
					"DEBUG=1",
					"$(inherited)",
				);
				GCC_WARN_64_TO_32_BIT_CONVERSION = YES;
				GCC_WARN_ABOUT_RETURN_TYPE = YES_ERROR;
				GCC_WARN_UNDECLARED_SELECTOR = YES;
				GCC_WARN_UNINITIALIZED_AUTOS = YES_AGGRESSIVE;
				GCC_WARN_UNUSED_FUNCTION = YES;
				GCC_WARN_UNUSED_VARIABLE = YES;
				IPHONEOS_DEPLOYMENT_TARGET = 12.1;
				MTL_ENABLE_DEBUG_INFO = INCLUDE_SOURCE;
				MTL_FAST_MATH = YES;
				ONLY_ACTIVE_ARCH = YES;
				SDKROOT = iphoneos;
			};
			name = Debug;
		};
		AB21FBC4227FEA990096A59E /* Release */ = {
			isa = XCBuildConfiguration;
			buildSettings = {
				ALWAYS_SEARCH_USER_PATHS = NO;
				CLANG_ANALYZER_NONNULL = YES;
				CLANG_ANALYZER_NUMBER_OBJECT_CONVERSION = YES_AGGRESSIVE;
				CLANG_CXX_LANGUAGE_STANDARD = "gnu++14";
				CLANG_CXX_LIBRARY = "libc++";
				CLANG_ENABLE_MODULES = YES;
				CLANG_ENABLE_OBJC_ARC = YES;
				CLANG_ENABLE_OBJC_WEAK = YES;
				CLANG_WARN_BLOCK_CAPTURE_AUTORELEASING = YES;
				CLANG_WARN_BOOL_CONVERSION = YES;
				CLANG_WARN_COMMA = YES;
				CLANG_WARN_CONSTANT_CONVERSION = YES;
				CLANG_WARN_DEPRECATED_OBJC_IMPLEMENTATIONS = YES;
				CLANG_WARN_DIRECT_OBJC_ISA_USAGE = YES_ERROR;
				CLANG_WARN_DOCUMENTATION_COMMENTS = YES;
				CLANG_WARN_EMPTY_BODY = YES;
				CLANG_WARN_ENUM_CONVERSION = YES;
				CLANG_WARN_INFINITE_RECURSION = YES;
				CLANG_WARN_INT_CONVERSION = YES;
				CLANG_WARN_NON_LITERAL_NULL_CONVERSION = YES;
				CLANG_WARN_OBJC_IMPLICIT_RETAIN_SELF = YES;
				CLANG_WARN_OBJC_LITERAL_CONVERSION = YES;
				CLANG_WARN_OBJC_ROOT_CLASS = YES_ERROR;
				CLANG_WARN_RANGE_LOOP_ANALYSIS = YES;
				CLANG_WARN_STRICT_PROTOTYPES = YES;
				CLANG_WARN_SUSPICIOUS_MOVE = YES;
				CLANG_WARN_UNGUARDED_AVAILABILITY = YES_AGGRESSIVE;
				CLANG_WARN_UNREACHABLE_CODE = YES;
				CLANG_WARN__DUPLICATE_METHOD_MATCH = YES;
				CODE_SIGN_IDENTITY = "iPhone Developer";
				COPY_PHASE_STRIP = NO;
				DEBUG_INFORMATION_FORMAT = "dwarf-with-dsym";
				ENABLE_NS_ASSERTIONS = NO;
				ENABLE_STRICT_OBJC_MSGSEND = YES;
				GCC_C_LANGUAGE_STANDARD = gnu11;
				GCC_NO_COMMON_BLOCKS = YES;
				GCC_WARN_64_TO_32_BIT_CONVERSION = YES;
				GCC_WARN_ABOUT_RETURN_TYPE = YES_ERROR;
				GCC_WARN_UNDECLARED_SELECTOR = YES;
				GCC_WARN_UNINITIALIZED_AUTOS = YES_AGGRESSIVE;
				GCC_WARN_UNUSED_FUNCTION = YES;
				GCC_WARN_UNUSED_VARIABLE = YES;
				IPHONEOS_DEPLOYMENT_TARGET = 12.1;
				MTL_ENABLE_DEBUG_INFO = NO;
				MTL_FAST_MATH = YES;
				SDKROOT = iphoneos;
				VALIDATE_PRODUCT = YES;
			};
			name = Release;
		};
		AB21FBC6227FEA990096A59E /* Debug */ = {
			isa = XCBuildConfiguration;
			baseConfigurationReference = 4C578DEEA41216C3E0BD268B /* Pods-Douyin.debug.xcconfig */;
			buildSettings = {
				ASSETCATALOG_COMPILER_APPICON_NAME = AppIcon;
				CODE_SIGN_STYLE = Automatic;
				DEVELOPMENT_TEAM = F8M2L3Y6MA;
				GCC_PREFIX_HEADER = "$(SRCROOT)/Douyin/Tools/DYPrefixHeader.pch";
				INFOPLIST_FILE = Douyin/Info.plist;
				IPHONEOS_DEPLOYMENT_TARGET = 9.0;
				LD_RUNPATH_SEARCH_PATHS = (
					"$(inherited)",
					"@executable_path/Frameworks",
				);
				PRODUCT_BUNDLE_IDENTIFIER = com.jiayinghudong.xiaoban;
				PRODUCT_NAME = "$(TARGET_NAME)";
				TARGETED_DEVICE_FAMILY = "1,2";
				USER_HEADER_SEARCH_PATHS = "$(PODS_ROOT)/**";
			};
			name = Debug;
		};
		AB21FBC7227FEA990096A59E /* Release */ = {
			isa = XCBuildConfiguration;
			baseConfigurationReference = 7F9405A60D0F91FDDA859550 /* Pods-Douyin.release.xcconfig */;
			buildSettings = {
				ASSETCATALOG_COMPILER_APPICON_NAME = AppIcon;
				CODE_SIGN_STYLE = Automatic;
				DEVELOPMENT_TEAM = F8M2L3Y6MA;
				GCC_PREFIX_HEADER = "$(SRCROOT)/Douyin/Tools/DYPrefixHeader.pch";
				INFOPLIST_FILE = Douyin/Info.plist;
				IPHONEOS_DEPLOYMENT_TARGET = 9.0;
				LD_RUNPATH_SEARCH_PATHS = (
					"$(inherited)",
					"@executable_path/Frameworks",
				);
				PRODUCT_BUNDLE_IDENTIFIER = com.jiayinghudong.xiaoban;
				PRODUCT_NAME = "$(TARGET_NAME)";
				TARGETED_DEVICE_FAMILY = "1,2";
				USER_HEADER_SEARCH_PATHS = "$(PODS_ROOT)/**";
			};
			name = Release;
		};
		AB21FBC9227FEA990096A59E /* Debug */ = {
			isa = XCBuildConfiguration;
			buildSettings = {
				BUNDLE_LOADER = "$(TEST_HOST)";
				CODE_SIGN_STYLE = Automatic;
				DEVELOPMENT_TEAM = ZWB985PQRH;
				INFOPLIST_FILE = DouyinTests/Info.plist;
				LD_RUNPATH_SEARCH_PATHS = (
					"$(inherited)",
					"@executable_path/Frameworks",
					"@loader_path/Frameworks",
				);
				PRODUCT_BUNDLE_IDENTIFIER = Ternence.DouyinTests;
				PRODUCT_NAME = "$(TARGET_NAME)";
				TARGETED_DEVICE_FAMILY = "1,2";
				TEST_HOST = "$(BUILT_PRODUCTS_DIR)/Douyin.app/Douyin";
			};
			name = Debug;
		};
		AB21FBCA227FEA990096A59E /* Release */ = {
			isa = XCBuildConfiguration;
			buildSettings = {
				BUNDLE_LOADER = "$(TEST_HOST)";
				CODE_SIGN_STYLE = Automatic;
				DEVELOPMENT_TEAM = ZWB985PQRH;
				INFOPLIST_FILE = DouyinTests/Info.plist;
				LD_RUNPATH_SEARCH_PATHS = (
					"$(inherited)",
					"@executable_path/Frameworks",
					"@loader_path/Frameworks",
				);
				PRODUCT_BUNDLE_IDENTIFIER = Ternence.DouyinTests;
				PRODUCT_NAME = "$(TARGET_NAME)";
				TARGETED_DEVICE_FAMILY = "1,2";
				TEST_HOST = "$(BUILT_PRODUCTS_DIR)/Douyin.app/Douyin";
			};
			name = Release;
		};
		AB21FBCC227FEA990096A59E /* Debug */ = {
			isa = XCBuildConfiguration;
			buildSettings = {
				CODE_SIGN_STYLE = Automatic;
				DEVELOPMENT_TEAM = ZWB985PQRH;
				INFOPLIST_FILE = DouyinUITests/Info.plist;
				LD_RUNPATH_SEARCH_PATHS = (
					"$(inherited)",
					"@executable_path/Frameworks",
					"@loader_path/Frameworks",
				);
				PRODUCT_BUNDLE_IDENTIFIER = Ternence.DouyinUITests;
				PRODUCT_NAME = "$(TARGET_NAME)";
				TARGETED_DEVICE_FAMILY = "1,2";
				TEST_TARGET_NAME = Douyin;
			};
			name = Debug;
		};
		AB21FBCD227FEA990096A59E /* Release */ = {
			isa = XCBuildConfiguration;
			buildSettings = {
				CODE_SIGN_STYLE = Automatic;
				DEVELOPMENT_TEAM = ZWB985PQRH;
				INFOPLIST_FILE = DouyinUITests/Info.plist;
				LD_RUNPATH_SEARCH_PATHS = (
					"$(inherited)",
					"@executable_path/Frameworks",
					"@loader_path/Frameworks",
				);
				PRODUCT_BUNDLE_IDENTIFIER = Ternence.DouyinUITests;
				PRODUCT_NAME = "$(TARGET_NAME)";
				TARGETED_DEVICE_FAMILY = "1,2";
				TEST_TARGET_NAME = Douyin;
			};
			name = Release;
		};
/* End XCBuildConfiguration section */

/* Begin XCConfigurationList section */
		AB21FB94227FEA970096A59E /* Build configuration list for PBXProject "Douyin" */ = {
			isa = XCConfigurationList;
			buildConfigurations = (
				AB21FBC3227FEA990096A59E /* Debug */,
				AB21FBC4227FEA990096A59E /* Release */,
			);
			defaultConfigurationIsVisible = 0;
			defaultConfigurationName = Release;
		};
		AB21FBC5227FEA990096A59E /* Build configuration list for PBXNativeTarget "Douyin" */ = {
			isa = XCConfigurationList;
			buildConfigurations = (
				AB21FBC6227FEA990096A59E /* Debug */,
				AB21FBC7227FEA990096A59E /* Release */,
			);
			defaultConfigurationIsVisible = 0;
			defaultConfigurationName = Release;
		};
		AB21FBC8227FEA990096A59E /* Build configuration list for PBXNativeTarget "DouyinTests" */ = {
			isa = XCConfigurationList;
			buildConfigurations = (
				AB21FBC9227FEA990096A59E /* Debug */,
				AB21FBCA227FEA990096A59E /* Release */,
			);
			defaultConfigurationIsVisible = 0;
			defaultConfigurationName = Release;
		};
		AB21FBCB227FEA990096A59E /* Build configuration list for PBXNativeTarget "DouyinUITests" */ = {
			isa = XCConfigurationList;
			buildConfigurations = (
				AB21FBCC227FEA990096A59E /* Debug */,
				AB21FBCD227FEA990096A59E /* Release */,
			);
			defaultConfigurationIsVisible = 0;
			defaultConfigurationName = Release;
		};
/* End XCConfigurationList section */
	};
	rootObject = AB21FB91227FEA970096A59E /* Project object */;
}
